
Microsoft Visual Studio Solution File, Format Version 12.00
Project("{FAE04EC0-301F-11D3-BF4B-00C04F79EFBC}") = "kolokwium2", "kolokwium2\kolokwium2.csproj", "{B6B23BF0-38CA-4A79-8AE4-7116A2949076}"
EndProject
Global
	GlobalSection(SolutionConfigurationPlatforms) = preSolution
		Debug|Any CPU = Debug|Any CPU
		Release|Any CPU = Release|Any CPU
	EndGlobalSection
	GlobalSection(ProjectConfigurationPlatforms) = postSolution
		{B6B23BF0-38CA-4A79-8AE4-7116A2949076}.Debug|Any CPU.ActiveCfg = Debug|Any CPU
		{B6B23BF0-38CA-4A79-8AE4-7116A2949076}.Debug|Any CPU.Build.0 = Debug|Any CPU
		{B6B23BF0-38CA-4A79-8AE4-7116A2949076}.Release|Any CPU.ActiveCfg = Release|Any CPU
		{B6B23BF0-38CA-4A79-8AE4-7116A2949076}.Release|Any CPU.Build.0 = Release|Any CPU
	EndGlobalSection
EndGlobal
